// !$*UTF8*$!
{
	archiveVersion = 1;
	classes = {
	};
	objectVersion = 48;
	objects = {

/* Begin PBXBuildFile section */
		9CFE1A118BAB1745315F1739 /* Pods_pxlr.framework in Frameworks */ = {isa = PBXBuildFile; fileRef = C279D809D2A7A8A1AE9FD755 /* Pods_pxlr.framework */; };
		BE95A7F81F7E3BC7002ED685 /* AppDelegate.swift in Sources */ = {isa = PBXBuildFile; fileRef = BE95A7F71F7E3BC7002ED685 /* AppDelegate.swift */; };
		BE95A7FA1F7E3BC7002ED685 /* MapVC.swift in Sources */ = {isa = PBXBuildFile; fileRef = BE95A7F91F7E3BC7002ED685 /* MapVC.swift */; };
		BE95A7FD1F7E3BC7002ED685 /* Main.storyboard in Resources */ = {isa = PBXBuildFile; fileRef = BE95A7FB1F7E3BC7002ED685 /* Main.storyboard */; };
		BE95A7FF1F7E3BC7002ED685 /* Assets.xcassets in Resources */ = {isa = PBXBuildFile; fileRef = BE95A7FE1F7E3BC7002ED685 /* Assets.xcassets */; };
		BE95A8021F7E3BC7002ED685 /* LaunchScreen.storyboard in Resources */ = {isa = PBXBuildFile; fileRef = BE95A8001F7E3BC7002ED685 /* LaunchScreen.storyboard */; };
		BE98946D1F7E7ECA000AB0C1 /* DroppablePin.swift in Sources */ = {isa = PBXBuildFile; fileRef = BE98946C1F7E7ECA000AB0C1 /* DroppablePin.swift */; };
/* End PBXBuildFile section */

/* Begin PBXFileReference section */
		5733B3876087987075BA2E31 /* Pods-pxlr.release.xcconfig */ = {isa = PBXFileReference; includeInIndex = 1; lastKnownFileType = text.xcconfig; name = "Pods-pxlr.release.xcconfig"; path = "Pods/Target Support Files/Pods-pxlr/Pods-pxlr.release.xcconfig"; sourceTree = "<group>"; };
		AD57A2807F13F6E2E7EC5E38 /* Pods-pxlr.debug.xcconfig */ = {isa = PBXFileReference; includeInIndex = 1; lastKnownFileType = text.xcconfig; name = "Pods-pxlr.debug.xcconfig"; path = "Pods/Target Support Files/Pods-pxlr/Pods-pxlr.debug.xcconfig"; sourceTree = "<group>"; };
		BE95A7F41F7E3BC7002ED685 /* pxlr.app */ = {isa = PBXFileReference; explicitFileType = wrapper.application; includeInIndex = 0; path = pxlr.app; sourceTree = BUILT_PRODUCTS_DIR; };
		BE95A7F71F7E3BC7002ED685 /* AppDelegate.swift */ = {isa = PBXFileReference; lastKnownFileType = sourcecode.swift; path = AppDelegate.swift; sourceTree = "<group>"; };
		BE95A7F91F7E3BC7002ED685 /* MapVC.swift */ = {isa = PBXFileReference; lastKnownFileType = sourcecode.swift; path = MapVC.swift; sourceTree = "<group>"; };
		BE95A7FC1F7E3BC7002ED685 /* Base */ = {isa = PBXFileReference; lastKnownFileType = file.storyboard; name = Base; path = Base.lproj/Main.storyboard; sourceTree = "<group>"; };
		BE95A7FE1F7E3BC7002ED685 /* Assets.xcassets */ = {isa = PBXFileReference; lastKnownFileType = folder.assetcatalog; path = Assets.xcassets; sourceTree = "<group>"; };
		BE95A8011F7E3BC7002ED685 /* Base */ = {isa = PBXFileReference; lastKnownFileType = file.storyboard; name = Base; path = Base.lproj/LaunchScreen.storyboard; sourceTree = "<group>"; };
		BE95A8031F7E3BC7002ED685 /* Info.plist */ = {isa = PBXFileReference; lastKnownFileType = text.plist.xml; path = Info.plist; sourceTree = "<group>"; };
		BE98946C1F7E7ECA000AB0C1 /* DroppablePin.swift */ = {isa = PBXFileReference; lastKnownFileType = sourcecode.swift; path = DroppablePin.swift; sourceTree = "<group>"; };
		C279D809D2A7A8A1AE9FD755 /* Pods_pxlr.framework */ = {isa = PBXFileReference; explicitFileType = wrapper.framework; includeInIndex = 0; path = Pods_pxlr.framework; sourceTree = BUILT_PRODUCTS_DIR; };
/* End PBXFileReference section */

/* Begin PBXFrameworksBuildPhase section */
		BE95A7F11F7E3BC7002ED685 /* Frameworks */ = {
			isa = PBXFrameworksBuildPhase;
			buildActionMask = 2147483647;
			files = (
				9CFE1A118BAB1745315F1739 /* Pods_pxlr.framework in Frameworks */,
			);
			runOnlyForDeploymentPostprocessing = 0;
		};
/* End PBXFrameworksBuildPhase section */

/* Begin PBXGroup section */
		10541B8618DB327293479884 /* Pods */ = {
			isa = PBXGroup;
			children = (
				AD57A2807F13F6E2E7EC5E38 /* Pods-pxlr.debug.xcconfig */,
				5733B3876087987075BA2E31 /* Pods-pxlr.release.xcconfig */,
			);
			name = Pods;
			sourceTree = "<group>";
		};
		2401814957CE113F33855830 /* Frameworks */ = {
			isa = PBXGroup;
			children = (
				C279D809D2A7A8A1AE9FD755 /* Pods_pxlr.framework */,
			);
			name = Frameworks;
			sourceTree = "<group>";
		};
		BE95A7EB1F7E3BC7002ED685 = {
			isa = PBXGroup;
			children = (
				BE95A7F61F7E3BC7002ED685 /* pxlr */,
				BE95A7F51F7E3BC7002ED685 /* Products */,
				10541B8618DB327293479884 /* Pods */,
				2401814957CE113F33855830 /* Frameworks */,
			);
			sourceTree = "<group>";
		};
		BE95A7F51F7E3BC7002ED685 /* Products */ = {
			isa = PBXGroup;
			children = (
				BE95A7F41F7E3BC7002ED685 /* pxlr.app */,
			);
			name = Products;
			sourceTree = "<group>";
		};
		BE95A7F61F7E3BC7002ED685 /* pxlr */ = {
			isa = PBXGroup;
			children = (
				BE95A80D1F7E3E8B002ED685 /* Utilities */,
				BE95A80C1F7E3E82002ED685 /* Extensions */,
				BE95A80B1F7E3E6D002ED685 /* Model */,
				BE95A80A1F7E3E68002ED685 /* View */,
				BE95A8091F7E3E62002ED685 /* Controller */,
				BE95A7F71F7E3BC7002ED685 /* AppDelegate.swift */,
				BE95A7FB1F7E3BC7002ED685 /* Main.storyboard */,
				BE95A7FE1F7E3BC7002ED685 /* Assets.xcassets */,
				BE95A8001F7E3BC7002ED685 /* LaunchScreen.storyboard */,
				BE95A8031F7E3BC7002ED685 /* Info.plist */,
			);
			path = pxlr;
			sourceTree = "<group>";
		};
		BE95A8091F7E3E62002ED685 /* Controller */ = {
			isa = PBXGroup;
			children = (
				BE95A7F91F7E3BC7002ED685 /* MapVC.swift */,
			);
			path = Controller;
			sourceTree = "<group>";
		};
		BE95A80A1F7E3E68002ED685 /* View */ = {
			isa = PBXGroup;
			children = (
				BE98946C1F7E7ECA000AB0C1 /* DroppablePin.swift */,
			);
			path = View;
			sourceTree = "<group>";
		};
		BE95A80B1F7E3E6D002ED685 /* Model */ = {
			isa = PBXGroup;
			children = (
			);
			path = Model;
			sourceTree = "<group>";
		};
		BE95A80C1F7E3E82002ED685 /* Extensions */ = {
			isa = PBXGroup;
			children = (
			);
			path = Extensions;
			sourceTree = "<group>";
		};
		BE95A80D1F7E3E8B002ED685 /* Utilities */ = {
			isa = PBXGroup;
			children = (
			);
			path = Utilities;
			sourceTree = "<group>";
		};
/* End PBXGroup section */

/* Begin PBXNativeTarget section */
		BE95A7F31F7E3BC7002ED685 /* pxlr */ = {
			isa = PBXNativeTarget;
			buildConfigurationList = BE95A8061F7E3BC7002ED685 /* Build configuration list for PBXNativeTarget "pxlr" */;
			buildPhases = (
				A778938D419AB525D001ABD0 /* [CP] Check Pods Manifest.lock */,
				BE95A7F01F7E3BC7002ED685 /* Sources */,
				BE95A7F11F7E3BC7002ED685 /* Frameworks */,
				BE95A7F21F7E3BC7002ED685 /* Resources */,
				A645B28333194A0019748AC3 /* [CP] Embed Pods Frameworks */,
				4CABEE39C7D4149A059CA711 /* [CP] Copy Pods Resources */,
			);
			buildRules = (
			);
			dependencies = (
			);
			name = pxlr;
			productName = pxlr;
			productReference = BE95A7F41F7E3BC7002ED685 /* pxlr.app */;
			productType = "com.apple.product-type.application";
		};
/* End PBXNativeTarget section */

/* Begin PBXProject section */
		BE95A7EC1F7E3BC7002ED685 /* Project object */ = {
			isa = PBXProject;
			attributes = {
				LastSwiftUpdateCheck = 0900;
				LastUpgradeCheck = 0900;
				ORGANIZATIONNAME = "Alexandru Corut";
				TargetAttributes = {
					BE95A7F31F7E3BC7002ED685 = {
						CreatedOnToolsVersion = 9.0;
						ProvisioningStyle = Automatic;
					};
				};
			};
			buildConfigurationList = BE95A7EF1F7E3BC7002ED685 /* Build configuration list for PBXProject "pxlr" */;
			compatibilityVersion = "Xcode 8.0";
			developmentRegion = en;
			hasScannedForEncodings = 0;
			knownRegions = (
				en,
				Base,
			);
			mainGroup = BE95A7EB1F7E3BC7002ED685;
			productRefGroup = BE95A7F51F7E3BC7002ED685 /* Products */;
			projectDirPath = "";
			projectRoot = "";
			targets = (
				BE95A7F31F7E3BC7002ED685 /* pxlr */,
			);
		};
/* End PBXProject section */

/* Begin PBXResourcesBuildPhase section */
		BE95A7F21F7E3BC7002ED685 /* Resources */ = {
			isa = PBXResourcesBuildPhase;
			buildActionMask = 2147483647;
			files = (
				BE95A8021F7E3BC7002ED685 /* LaunchScreen.storyboard in Resources */,
				BE95A7FF1F7E3BC7002ED685 /* Assets.xcassets in Resources */,
				BE95A7FD1F7E3BC7002ED685 /* Main.storyboard in Resources */,
			);
			runOnlyForDeploymentPostprocessing = 0;
		};
/* End PBXResourcesBuildPhase section */

/* Begin PBXShellScriptBuildPhase section */
		4CABEE39C7D4149A059CA711 /* [CP] Copy Pods Resources */ = {
			isa = PBXShellScriptBuildPhase;
			buildActionMask = 2147483647;
			files = (
			);
			inputPaths = (
			);
			name = "[CP] Copy Pods Resources";
			outputPaths = (
			);
			runOnlyForDeploymentPostprocessing = 0;
			shellPath = /bin/sh;
			shellScript = "\"${SRCROOT}/Pods/Target Support Files/Pods-pxlr/Pods-pxlr-resources.sh\"\n";
			showEnvVarsInLog = 0;
		};
		A645B28333194A0019748AC3 /* [CP] Embed Pods Frameworks */ = {
			isa = PBXShellScriptBuildPhase;
			buildActionMask = 2147483647;
			files = (
			);
			inputPaths = (
				"${SRCROOT}/Pods/Target Support Files/Pods-pxlr/Pods-pxlr-frameworks.sh",
				"${BUILT_PRODUCTS_DIR}/Alamofire/Alamofire.framework",
				"${BUILT_PRODUCTS_DIR}/AlamofireImage/AlamofireImage.framework",
			);
			name = "[CP] Embed Pods Frameworks";
			outputPaths = (
				"${TARGET_BUILD_DIR}/${FRAMEWORKS_FOLDER_PATH}/Alamofire.framework",
				"${TARGET_BUILD_DIR}/${FRAMEWORKS_FOLDER_PATH}/AlamofireImage.framework",
			);
			runOnlyForDeploymentPostprocessing = 0;
			shellPath = /bin/sh;
			shellScript = "\"${SRCROOT}/Pods/Target Support Files/Pods-pxlr/Pods-pxlr-frameworks.sh\"\n";
			showEnvVarsInLog = 0;
		};
		A778938D419AB525D001ABD0 /* [CP] Check Pods Manifest.lock */ = {
			isa = PBXShellScriptBuildPhase;
			buildActionMask = 2147483647;
			files = (
			);
			inputPaths = (
				"${PODS_PODFILE_DIR_PATH}/Podfile.lock",
				"${PODS_ROOT}/Manifest.lock",
			);
			name = "[CP] Check Pods Manifest.lock";
			outputPaths = (
				"$(DERIVED_FILE_DIR)/Pods-pxlr-checkManifestLockResult.txt",
			);
			runOnlyForDeploymentPostprocessing = 0;
			shellPath = /bin/sh;
			shellScript = "diff \"${PODS_PODFILE_DIR_PATH}/Podfile.lock\" \"${PODS_ROOT}/Manifest.lock\" > /dev/null\nif [ $? != 0 ] ; then\n    # print error to STDERR\n    echo \"error: The sandbox is not in sync with the Podfile.lock. Run 'pod install' or update your CocoaPods installation.\" >&2\n    exit 1\nfi\n# This output is used by Xcode 'outputs' to avoid re-running this script phase.\necho \"SUCCESS\" > \"${SCRIPT_OUTPUT_FILE_0}\"\n";
			showEnvVarsInLog = 0;
		};
/* End PBXShellScriptBuildPhase section */

/* Begin PBXSourcesBuildPhase section */
		BE95A7F01F7E3BC7002ED685 /* Sources */ = {
			isa = PBXSourcesBuildPhase;
			buildActionMask = 2147483647;
			files = (
				BE95A7FA1F7E3BC7002ED685 /* MapVC.swift in Sources */,
				BE98946D1F7E7ECA000AB0C1 /* DroppablePin.swift in Sources */,
				BE95A7F81F7E3BC7002ED685 /* AppDelegate.swift in Sources */,
			);
			runOnlyForDeploymentPostprocessing = 0;
		};
/* End PBXSourcesBuildPhase section */

/* Begin PBXVariantGroup section */
		BE95A7FB1F7E3BC7002ED685 /* Main.storyboard */ = {
			isa = PBXVariantGroup;
			children = (
				BE95A7FC1F7E3BC7002ED685 /* Base */,
			);
			name = Main.storyboard;
			sourceTree = "<group>";
		};
		BE95A8001F7E3BC7002ED685 /* LaunchScreen.storyboard */ = {
			isa = PBXVariantGroup;
			children = (
				BE95A8011F7E3BC7002ED685 /* Base */,
			);
			name = LaunchScreen.storyboard;
			sourceTree = "<group>";
		};
/* End PBXVariantGroup section */

/* Begin XCBuildConfiguration section */
		BE95A8041F7E3BC7002ED685 /* Debug */ = {
			isa = XCBuildConfiguration;
			buildSettings = {
				ALWAYS_SEARCH_USER_PATHS = NO;
				CLANG_ANALYZER_NONNULL = YES;
				CLANG_ANALYZER_NUMBER_OBJECT_CONVERSION = YES_AGGRESSIVE;
				CLANG_CXX_LANGUAGE_STANDARD = "gnu++14";
				CLANG_CXX_LIBRARY = "libc++";
				CLANG_ENABLE_MODULES = YES;
				CLANG_ENABLE_OBJC_ARC = YES;
				CLANG_WARN_BLOCK_CAPTURE_AUTORELEASING = YES;
				CLANG_WARN_BOOL_CONVERSION = YES;
				CLANG_WARN_COMMA = YES;
				CLANG_WARN_CONSTANT_CONVERSION = YES;
				CLANG_WARN_DIRECT_OBJC_ISA_USAGE = YES_ERROR;
				CLANG_WARN_DOCUMENTATION_COMMENTS = YES;
				CLANG_WARN_EMPTY_BODY = YES;
				CLANG_WARN_ENUM_CONVERSION = YES;
				CLANG_WARN_INFINITE_RECURSION = YES;
				CLANG_WARN_INT_CONVERSION = YES;
				CLANG_WARN_NON_LITERAL_NULL_CONVERSION = YES;
				CLANG_WARN_OBJC_LITERAL_CONVERSION = YES;
				CLANG_WARN_OBJC_ROOT_CLASS = YES_ERROR;
				CLANG_WARN_RANGE_LOOP_ANALYSIS = YES;
				CLANG_WARN_STRICT_PROTOTYPES = YES;
				CLANG_WARN_SUSPICIOUS_MOVE = YES;
				CLANG_WARN_UNGUARDED_AVAILABILITY = YES_AGGRESSIVE;
				CLANG_WARN_UNREACHABLE_CODE = YES;
				CLANG_WARN__DUPLICATE_METHOD_MATCH = YES;
				CODE_SIGN_IDENTITY = "iPhone Developer";
				COPY_PHASE_STRIP = NO;
				DEBUG_INFORMATION_FORMAT = dwarf;
				ENABLE_STRICT_OBJC_MSGSEND = YES;
				ENABLE_TESTABILITY = YES;
				GCC_C_LANGUAGE_STANDARD = gnu11;
				GCC_DYNAMIC_NO_PIC = NO;
				GCC_NO_COMMON_BLOCKS = YES;
				GCC_OPTIMIZATION_LEVEL = 0;
				GCC_PREPROCESSOR_DEFINITIONS = (
					"DEBUG=1",
					"$(inherited)",
				);
				GCC_WARN_64_TO_32_BIT_CONVERSION = YES;
				GCC_WARN_ABOUT_RETURN_TYPE = YES_ERROR;
				GCC_WARN_UNDECLARED_SELECTOR = YES;
				GCC_WARN_UNINITIALIZED_AUTOS = YES_AGGRESSIVE;
				GCC_WARN_UNUSED_FUNCTION = YES;
				GCC_WARN_UNUSED_VARIABLE = YES;
				IPHONEOS_DEPLOYMENT_TARGET = 11.0;
				MTL_ENABLE_DEBUG_INFO = YES;
				ONLY_ACTIVE_ARCH = YES;
				SDKROOT = iphoneos;
				SWIFT_ACTIVE_COMPILATION_CONDITIONS = DEBUG;
				SWIFT_OPTIMIZATION_LEVEL = "-Onone";
			};
			name = Debug;
		};
		BE95A8051F7E3BC7002ED685 /* Release */ = {
			isa = XCBuildConfiguration;
			buildSettings = {
				ALWAYS_SEARCH_USER_PATHS = NO;
				CLANG_ANALYZER_NONNULL = YES;
				CLANG_ANALYZER_NUMBER_OBJECT_CONVERSION = YES_AGGRESSIVE;
				CLANG_CXX_LANGUAGE_STANDARD = "gnu++14";
				CLANG_CXX_LIBRARY = "libc++";
				CLANG_ENABLE_MODULES = YES;
				CLANG_ENABLE_OBJC_ARC = YES;
				CLANG_WARN_BLOCK_CAPTURE_AUTORELEASING = YES;
				CLANG_WARN_BOOL_CONVERSION = YES;
				CLANG_WARN_COMMA = YES;
				CLANG_WARN_CONSTANT_CONVERSION = YES;
				CLANG_WARN_DIRECT_OBJC_ISA_USAGE = YES_ERROR;
				CLANG_WARN_DOCUMENTATION_COMMENTS = YES;
				CLANG_WARN_EMPTY_BODY = YES;
				CLANG_WARN_ENUM_CONVERSION = YES;
				CLANG_WARN_INFINITE_RECURSION = YES;
				CLANG_WARN_INT_CONVERSION = YES;
				CLANG_WARN_NON_LITERAL_NULL_CONVERSION = YES;
				CLANG_WARN_OBJC_LITERAL_CONVERSION = YES;
				CLANG_WARN_OBJC_ROOT_CLASS = YES_ERROR;
				CLANG_WARN_RANGE_LOOP_ANALYSIS = YES;
				CLANG_WARN_STRICT_PROTOTYPES = YES;
				CLANG_WARN_SUSPICIOUS_MOVE = YES;
				CLANG_WARN_UNGUARDED_AVAILABILITY = YES_AGGRESSIVE;
				CLANG_WARN_UNREACHABLE_CODE = YES;
				CLANG_WARN__DUPLICATE_METHOD_MATCH = YES;
				CODE_SIGN_IDENTITY = "iPhone Developer";
				COPY_PHASE_STRIP = NO;
				DEBUG_INFORMATION_FORMAT = "dwarf-with-dsym";
				ENABLE_NS_ASSERTIONS = NO;
				ENABLE_STRICT_OBJC_MSGSEND = YES;
				GCC_C_LANGUAGE_STANDARD = gnu11;
				GCC_NO_COMMON_BLOCKS = YES;
				GCC_WARN_64_TO_32_BIT_CONVERSION = YES;
				GCC_WARN_ABOUT_RETURN_TYPE = YES_ERROR;
				GCC_WARN_UNDECLARED_SELECTOR = YES;
				GCC_WARN_UNINITIALIZED_AUTOS = YES_AGGRESSIVE;
				GCC_WARN_UNUSED_FUNCTION = YES;
				GCC_WARN_UNUSED_VARIABLE = YES;
				IPHONEOS_DEPLOYMENT_TARGET = 11.0;
				MTL_ENABLE_DEBUG_INFO = NO;
				SDKROOT = iphoneos;
				SWIFT_OPTIMIZATION_LEVEL = "-Owholemodule";
				VALIDATE_PRODUCT = YES;
			};
			name = Release;
		};
		BE95A8071F7E3BC7002ED685 /* Debug */ = {
			isa = XCBuildConfiguration;
			baseConfigurationReference = AD57A2807F13F6E2E7EC5E38 /* Pods-pxlr.debug.xcconfig */;
			buildSettings = {
				ASSETCATALOG_COMPILER_APPICON_NAME = AppIcon;
				CODE_SIGN_STYLE = Automatic;
				DEVELOPMENT_TEAM = 5XZQ592FBM;
				INFOPLIST_FILE = pxlr/Info.plist;
				LD_RUNPATH_SEARCH_PATHS = "$(inherited) @executable_path/Frameworks";
				PRODUCT_BUNDLE_IDENTIFIER = com.alexandrucorut.pxlr;
				PRODUCT_NAME = "$(TARGET_NAME)";
				SWIFT_VERSION = 4.0;
				TARGETED_DEVICE_FAMILY = "1,2";
			};
			name = Debug;
		};
		BE95A8081F7E3BC7002ED685 /* Release */ = {
			isa = XCBuildConfiguration;
			baseConfigurationReference = 5733B3876087987075BA2E31 /* Pods-pxlr.release.xcconfig */;
			buildSettings = {
				ASSETCATALOG_COMPILER_APPICON_NAME = AppIcon;
				CODE_SIGN_STYLE = Automatic;
				DEVELOPMENT_TEAM = 5XZQ592FBM;
				INFOPLIST_FILE = pxlr/Info.plist;
				LD_RUNPATH_SEARCH_PATHS = "$(inherited) @executable_path/Frameworks";
				PRODUCT_BUNDLE_IDENTIFIER = com.alexandrucorut.pxlr;
				PRODUCT_NAME = "$(TARGET_NAME)";
				SWIFT_VERSION = 4.0;
				TARGETED_DEVICE_FAMILY = "1,2";
			};
			name = Release;
		};
/* End XCBuildConfiguration section */

/* Begin XCConfigurationList section */
		BE95A7EF1F7E3BC7002ED685 /* Build configuration list for PBXProject "pxlr" */ = {
			isa = XCConfigurationList;
			buildConfigurations = (
				BE95A8041F7E3BC7002ED685 /* Debug */,
				BE95A8051F7E3BC7002ED685 /* Release */,
			);
			defaultConfigurationIsVisible = 0;
			defaultConfigurationName = Release;
		};
		BE95A8061F7E3BC7002ED685 /* Build configuration list for PBXNativeTarget "pxlr" */ = {
			isa = XCConfigurationList;
			buildConfigurations = (
				BE95A8071F7E3BC7002ED685 /* Debug */,
				BE95A8081F7E3BC7002ED685 /* Release */,
			);
			defaultConfigurationIsVisible = 0;
			defaultConfigurationName = Release;
		};
/* End XCConfigurationList section */
	};
	rootObject = BE95A7EC1F7E3BC7002ED685 /* Project object */;
}
